
Microsoft Visual Studio Solution File, Format Version 12.00
# Visual Studio 2013
VisualStudioVersion = 12.0.21005.1
MinimumVisualStudioVersion = 10.0.40219.1
Project("{FAE04EC0-301F-11D3-BF4B-00C04F79EFBC}") = "03_Github", "03_Github.csproj", "{3A69B67B-1086-4069-B520-90C30DA009AB}"
EndProject
Project("{FAE04EC0-301F-11D3-BF4B-00C04F79EFBC}") = "04_TextGraphics", "..\04_TextGraphics\04_TextGraphics.csproj", "{3B7674C2-B469-4873-B98F-2C9D760291C2}"
EndProject
Global
	GlobalSection(SolutionConfigurationPlatforms) = preSolution
		Debug|Any CPU = Debug|Any CPU
		Release|Any CPU = Release|Any CPU
	EndGlobalSection
	GlobalSection(ProjectConfigurationPlatforms) = postSolution
		{3A69B67B-1086-4069-B520-90C30DA009AB}.Debug|Any CPU.ActiveCfg = Debug|Any CPU
		{3A69B67B-1086-4069-B520-90C30DA009AB}.Debug|Any CPU.Build.0 = Debug|Any CPU
		{3A69B67B-1086-4069-B520-90C30DA009AB}.Release|Any CPU.ActiveCfg = Release|Any CPU
		{3A69B67B-1086-4069-B520-90C30DA009AB}.Release|Any CPU.Build.0 = Release|Any CPU
		{3B7674C2-B469-4873-B98F-2C9D760291C2}.Debug|Any CPU.ActiveCfg = Debug|Any CPU
		{3B7674C2-B469-4873-B98F-2C9D760291C2}.Debug|Any CPU.Build.0 = Debug|Any CPU
		{3B7674C2-B469-4873-B98F-2C9D760291C2}.Release|Any CPU.ActiveCfg = Release|Any CPU
		{3B7674C2-B469-4873-B98F-2C9D760291C2}.Release|Any CPU.Build.0 = Release|Any CPU
	EndGlobalSection
	GlobalSection(SolutionProperties) = preSolution
		HideSolutionNode = FALSE
	EndGlobalSection
EndGlobal
